// !$*UTF8*$!
{
	archiveVersion = 1;
	classes = {
	};
	objectVersion = 51;
	objects = {

/* Begin PBXBuildFile section */
		64D3750624C6C06D0028339D /* AppDelegate.swift in Sources */ = {isa = PBXBuildFile; fileRef = 64D3750524C6C06D0028339D /* AppDelegate.swift */; };
		64D3750824C6C06D0028339D /* SceneDelegate.swift in Sources */ = {isa = PBXBuildFile; fileRef = 64D3750724C6C06D0028339D /* SceneDelegate.swift */; };
		64D3750A24C6C06D0028339D /* ContentView.swift in Sources */ = {isa = PBXBuildFile; fileRef = 64D3750924C6C06D0028339D /* ContentView.swift */; };
		64D3750C24C6C06E0028339D /* Assets.xcassets in Resources */ = {isa = PBXBuildFile; fileRef = 64D3750B24C6C06E0028339D /* Assets.xcassets */; };
		64D3750F24C6C06E0028339D /* Preview Assets.xcassets in Resources */ = {isa = PBXBuildFile; fileRef = 64D3750E24C6C06E0028339D /* Preview Assets.xcassets */; };
		64D3751224C6C06E0028339D /* LaunchScreen.storyboard in Resources */ = {isa = PBXBuildFile; fileRef = 64D3751024C6C06E0028339D /* LaunchScreen.storyboard */; };
		64D3751D24C6C06F0028339D /* ApollofrontpageTests.swift in Sources */ = {isa = PBXBuildFile; fileRef = 64D3751C24C6C06F0028339D /* ApollofrontpageTests.swift */; };
		64D3752A24C6F0E30028339D /* PostListViewController.graphql in Resources */ = {isa = PBXBuildFile; fileRef = 64D3752824C6F0E30028339D /* PostListViewController.graphql */; };
		64D3752B24C6F0E30028339D /* PostTableViewCell.graphql in Resources */ = {isa = PBXBuildFile; fileRef = 64D3752924C6F0E30028339D /* PostTableViewCell.graphql */; };
		64D3752D24C6F1090028339D /* API.swift in Sources */ = {isa = PBXBuildFile; fileRef = 64D3752C24C6F1090028339D /* API.swift */; };
		D191F330F022CB0B98974306 /* Pods_Apollofrontpage.framework in Frameworks */ = {isa = PBXBuildFile; fileRef = 648421C43D774CAF2B54591D /* Pods_Apollofrontpage.framework */; };
		DE50669A0092D64BC469308A /* Pods_ApollofrontpageTests.framework in Frameworks */ = {isa = PBXBuildFile; fileRef = 6D4690EE59CBE75626AB93C3 /* Pods_ApollofrontpageTests.framework */; };
/* End PBXBuildFile section */

/* Begin PBXContainerItemProxy section */
		64D3751924C6C06F0028339D /* PBXContainerItemProxy */ = {
			isa = PBXContainerItemProxy;
			containerPortal = 64D374FA24C6C06D0028339D /* Project object */;
			proxyType = 1;
			remoteGlobalIDString = 64D3750124C6C06D0028339D;
			remoteInfo = Apollofrontpage;
		};
/* End PBXContainerItemProxy section */

/* Begin PBXFileReference section */
		3A5B11FBD5851282732215A4 /* Pods-ApollofrontpageTests.debug.xcconfig */ = {isa = PBXFileReference; includeInIndex = 1; lastKnownFileType = text.xcconfig; name = "Pods-ApollofrontpageTests.debug.xcconfig"; path = "Target Support Files/Pods-ApollofrontpageTests/Pods-ApollofrontpageTests.debug.xcconfig"; sourceTree = "<group>"; };
		585AE13522FD14A32DFF69EF /* Pods-Apollofrontpage.debug.xcconfig */ = {isa = PBXFileReference; includeInIndex = 1; lastKnownFileType = text.xcconfig; name = "Pods-Apollofrontpage.debug.xcconfig"; path = "Target Support Files/Pods-Apollofrontpage/Pods-Apollofrontpage.debug.xcconfig"; sourceTree = "<group>"; };
		648421C43D774CAF2B54591D /* Pods_Apollofrontpage.framework */ = {isa = PBXFileReference; explicitFileType = wrapper.framework; includeInIndex = 0; path = Pods_Apollofrontpage.framework; sourceTree = BUILT_PRODUCTS_DIR; };
		64D3750224C6C06D0028339D /* Apollofrontpage.app */ = {isa = PBXFileReference; explicitFileType = wrapper.application; includeInIndex = 0; path = Apollofrontpage.app; sourceTree = BUILT_PRODUCTS_DIR; };
		64D3750524C6C06D0028339D /* AppDelegate.swift */ = {isa = PBXFileReference; lastKnownFileType = sourcecode.swift; path = AppDelegate.swift; sourceTree = "<group>"; };
		64D3750724C6C06D0028339D /* SceneDelegate.swift */ = {isa = PBXFileReference; lastKnownFileType = sourcecode.swift; path = SceneDelegate.swift; sourceTree = "<group>"; };
		64D3750924C6C06D0028339D /* ContentView.swift */ = {isa = PBXFileReference; lastKnownFileType = sourcecode.swift; path = ContentView.swift; sourceTree = "<group>"; };
		64D3750B24C6C06E0028339D /* Assets.xcassets */ = {isa = PBXFileReference; lastKnownFileType = folder.assetcatalog; path = Assets.xcassets; sourceTree = "<group>"; };
		64D3750E24C6C06E0028339D /* Preview Assets.xcassets */ = {isa = PBXFileReference; lastKnownFileType = folder.assetcatalog; path = "Preview Assets.xcassets"; sourceTree = "<group>"; };
		64D3751124C6C06E0028339D /* Base */ = {isa = PBXFileReference; lastKnownFileType = file.storyboard; name = Base; path = Base.lproj/LaunchScreen.storyboard; sourceTree = "<group>"; };
		64D3751324C6C06E0028339D /* Info.plist */ = {isa = PBXFileReference; lastKnownFileType = text.plist.xml; path = Info.plist; sourceTree = "<group>"; };
		64D3751824C6C06E0028339D /* ApollofrontpageTests.xctest */ = {isa = PBXFileReference; explicitFileType = wrapper.cfbundle; includeInIndex = 0; path = ApollofrontpageTests.xctest; sourceTree = BUILT_PRODUCTS_DIR; };
		64D3751C24C6C06F0028339D /* ApollofrontpageTests.swift */ = {isa = PBXFileReference; lastKnownFileType = sourcecode.swift; path = ApollofrontpageTests.swift; sourceTree = "<group>"; };
		64D3751E24C6C06F0028339D /* Info.plist */ = {isa = PBXFileReference; lastKnownFileType = text.plist.xml; path = Info.plist; sourceTree = "<group>"; };
		64D3752824C6F0E30028339D /* PostListViewController.graphql */ = {isa = PBXFileReference; fileEncoding = 4; lastKnownFileType = text; path = PostListViewController.graphql; sourceTree = "<group>"; };
		64D3752924C6F0E30028339D /* PostTableViewCell.graphql */ = {isa = PBXFileReference; fileEncoding = 4; lastKnownFileType = text; path = PostTableViewCell.graphql; sourceTree = "<group>"; };
		64D3752C24C6F1090028339D /* API.swift */ = {isa = PBXFileReference; fileEncoding = 4; lastKnownFileType = sourcecode.swift; path = API.swift; sourceTree = "<group>"; };
		6D4690EE59CBE75626AB93C3 /* Pods_ApollofrontpageTests.framework */ = {isa = PBXFileReference; explicitFileType = wrapper.framework; includeInIndex = 0; path = Pods_ApollofrontpageTests.framework; sourceTree = BUILT_PRODUCTS_DIR; };
		85A992047B86387D356C38EE /* Pods-ApollofrontpageTests.release.xcconfig */ = {isa = PBXFileReference; includeInIndex = 1; lastKnownFileType = text.xcconfig; name = "Pods-ApollofrontpageTests.release.xcconfig"; path = "Target Support Files/Pods-ApollofrontpageTests/Pods-ApollofrontpageTests.release.xcconfig"; sourceTree = "<group>"; };
		F79927D7B592FA764A8A073D /* Pods-Apollofrontpage.release.xcconfig */ = {isa = PBXFileReference; includeInIndex = 1; lastKnownFileType = text.xcconfig; name = "Pods-Apollofrontpage.release.xcconfig"; path = "Target Support Files/Pods-Apollofrontpage/Pods-Apollofrontpage.release.xcconfig"; sourceTree = "<group>"; };
/* End PBXFileReference section */

/* Begin PBXFrameworksBuildPhase section */
		64D374FF24C6C06D0028339D /* Frameworks */ = {
			isa = PBXFrameworksBuildPhase;
			buildActionMask = 2147483647;
			files = (
				D191F330F022CB0B98974306 /* Pods_Apollofrontpage.framework in Frameworks */,
			);
			runOnlyForDeploymentPostprocessing = 0;
		};
		64D3751524C6C06E0028339D /* Frameworks */ = {
			isa = PBXFrameworksBuildPhase;
			buildActionMask = 2147483647;
			files = (
				DE50669A0092D64BC469308A /* Pods_ApollofrontpageTests.framework in Frameworks */,
			);
			runOnlyForDeploymentPostprocessing = 0;
		};
/* End PBXFrameworksBuildPhase section */

/* Begin PBXGroup section */
		64D374F924C6C06D0028339D = {
			isa = PBXGroup;
			children = (
				64D3750424C6C06D0028339D /* Apollofrontpage */,
				64D3751B24C6C06F0028339D /* ApollofrontpageTests */,
				64D3750324C6C06D0028339D /* Products */,
				736C92398728039203A8B114 /* Pods */,
				D7672D8B80E1B211E3C5D9B2 /* Frameworks */,
			);
			sourceTree = "<group>";
		};
		64D3750324C6C06D0028339D /* Products */ = {
			isa = PBXGroup;
			children = (
				64D3750224C6C06D0028339D /* Apollofrontpage.app */,
				64D3751824C6C06E0028339D /* ApollofrontpageTests.xctest */,
			);
			name = Products;
			sourceTree = "<group>";
		};
		64D3750424C6C06D0028339D /* Apollofrontpage */ = {
			isa = PBXGroup;
			children = (
				64D3752C24C6F1090028339D /* API.swift */,
				64D3752824C6F0E30028339D /* PostListViewController.graphql */,
				64D3752924C6F0E30028339D /* PostTableViewCell.graphql */,
				64D3750524C6C06D0028339D /* AppDelegate.swift */,
				64D3750724C6C06D0028339D /* SceneDelegate.swift */,
				64D3750924C6C06D0028339D /* ContentView.swift */,
				64D3750B24C6C06E0028339D /* Assets.xcassets */,
				64D3751024C6C06E0028339D /* LaunchScreen.storyboard */,
				64D3751324C6C06E0028339D /* Info.plist */,
				64D3750D24C6C06E0028339D /* Preview Content */,
			);
			path = Apollofrontpage;
			sourceTree = "<group>";
		};
		64D3750D24C6C06E0028339D /* Preview Content */ = {
			isa = PBXGroup;
			children = (
				64D3750E24C6C06E0028339D /* Preview Assets.xcassets */,
			);
			path = "Preview Content";
			sourceTree = "<group>";
		};
		64D3751B24C6C06F0028339D /* ApollofrontpageTests */ = {
			isa = PBXGroup;
			children = (
				64D3751C24C6C06F0028339D /* ApollofrontpageTests.swift */,
				64D3751E24C6C06F0028339D /* Info.plist */,
			);
			path = ApollofrontpageTests;
			sourceTree = "<group>";
		};
		736C92398728039203A8B114 /* Pods */ = {
			isa = PBXGroup;
			children = (
				585AE13522FD14A32DFF69EF /* Pods-Apollofrontpage.debug.xcconfig */,
				F79927D7B592FA764A8A073D /* Pods-Apollofrontpage.release.xcconfig */,
				3A5B11FBD5851282732215A4 /* Pods-ApollofrontpageTests.debug.xcconfig */,
				85A992047B86387D356C38EE /* Pods-ApollofrontpageTests.release.xcconfig */,
			);
			path = Pods;
			sourceTree = "<group>";
		};
		D7672D8B80E1B211E3C5D9B2 /* Frameworks */ = {
			isa = PBXGroup;
			children = (
				648421C43D774CAF2B54591D /* Pods_Apollofrontpage.framework */,
				6D4690EE59CBE75626AB93C3 /* Pods_ApollofrontpageTests.framework */,
			);
			name = Frameworks;
			sourceTree = "<group>";
		};
/* End PBXGroup section */

/* Begin PBXNativeTarget section */
		64D3750124C6C06D0028339D /* Apollofrontpage */ = {
			isa = PBXNativeTarget;
			buildConfigurationList = 64D3752124C6C06F0028339D /* Build configuration list for PBXNativeTarget "Apollofrontpage" */;
			buildPhases = (
				4B727E444F00B7A1A0DB9EA3 /* [CP] Check Pods Manifest.lock */,
				64D3752724C6F0690028339D /* Generate Apollo GraphQL API */,
				64D374FE24C6C06D0028339D /* Sources */,
				64D374FF24C6C06D0028339D /* Frameworks */,
				64D3750024C6C06D0028339D /* Resources */,
				79E0AA4D9920BFAB13930FEE /* [CP] Embed Pods Frameworks */,
			);
			buildRules = (
			);
			dependencies = (
			);
			name = Apollofrontpage;
			productName = Apollofrontpage;
			productReference = 64D3750224C6C06D0028339D /* Apollofrontpage.app */;
			productType = "com.apple.product-type.application";
		};
		64D3751724C6C06E0028339D /* ApollofrontpageTests */ = {
			isa = PBXNativeTarget;
			buildConfigurationList = 64D3752424C6C06F0028339D /* Build configuration list for PBXNativeTarget "ApollofrontpageTests" */;
			buildPhases = (
				3DD13ACCFFBB89010F189157 /* [CP] Check Pods Manifest.lock */,
				64D3751424C6C06E0028339D /* Sources */,
				64D3751524C6C06E0028339D /* Frameworks */,
				64D3751624C6C06E0028339D /* Resources */,
			);
			buildRules = (
			);
			dependencies = (
				64D3751A24C6C06F0028339D /* PBXTargetDependency */,
			);
			name = ApollofrontpageTests;
			productName = ApollofrontpageTests;
			productReference = 64D3751824C6C06E0028339D /* ApollofrontpageTests.xctest */;
			productType = "com.apple.product-type.bundle.unit-test";
		};
/* End PBXNativeTarget section */

/* Begin PBXProject section */
		64D374FA24C6C06D0028339D /* Project object */ = {
			isa = PBXProject;
			attributes = {
				LastSwiftUpdateCheck = 1150;
				LastUpgradeCheck = 1150;
				ORGANIZATIONNAME = Quipper;
				TargetAttributes = {
					64D3750124C6C06D0028339D = {
						CreatedOnToolsVersion = 11.5;
					};
					64D3751724C6C06E0028339D = {
						CreatedOnToolsVersion = 11.5;
						TestTargetID = 64D3750124C6C06D0028339D;
					};
				};
			};
			buildConfigurationList = 64D374FD24C6C06D0028339D /* Build configuration list for PBXProject "Apollofrontpage" */;
			compatibilityVersion = "Xcode 9.3";
			developmentRegion = en;
			hasScannedForEncodings = 0;
			knownRegions = (
				en,
				Base,
			);
			mainGroup = 64D374F924C6C06D0028339D;
			productRefGroup = 64D3750324C6C06D0028339D /* Products */;
			projectDirPath = "";
			projectRoot = "";
			targets = (
				64D3750124C6C06D0028339D /* Apollofrontpage */,
				64D3751724C6C06E0028339D /* ApollofrontpageTests */,
			);
		};
/* End PBXProject section */

/* Begin PBXResourcesBuildPhase section */
		64D3750024C6C06D0028339D /* Resources */ = {
			isa = PBXResourcesBuildPhase;
			buildActionMask = 2147483647;
			files = (
				64D3752A24C6F0E30028339D /* PostListViewController.graphql in Resources */,
				64D3752B24C6F0E30028339D /* PostTableViewCell.graphql in Resources */,
				64D3751224C6C06E0028339D /* LaunchScreen.storyboard in Resources */,
				64D3750F24C6C06E0028339D /* Preview Assets.xcassets in Resources */,
				64D3750C24C6C06E0028339D /* Assets.xcassets in Resources */,
			);
			runOnlyForDeploymentPostprocessing = 0;
		};
		64D3751624C6C06E0028339D /* Resources */ = {
			isa = PBXResourcesBuildPhase;
			buildActionMask = 2147483647;
			files = (
			);
			runOnlyForDeploymentPostprocessing = 0;
		};
/* End PBXResourcesBuildPhase section */

/* Begin PBXShellScriptBuildPhase section */
		3DD13ACCFFBB89010F189157 /* [CP] Check Pods Manifest.lock */ = {
			isa = PBXShellScriptBuildPhase;
			buildActionMask = 2147483647;
			files = (
			);
			inputFileListPaths = (
			);
			inputPaths = (
				"${PODS_PODFILE_DIR_PATH}/Podfile.lock",
				"${PODS_ROOT}/Manifest.lock",
			);
			name = "[CP] Check Pods Manifest.lock";
			outputFileListPaths = (
			);
			outputPaths = (
				"$(DERIVED_FILE_DIR)/Pods-ApollofrontpageTests-checkManifestLockResult.txt",
			);
			runOnlyForDeploymentPostprocessing = 0;
			shellPath = /bin/sh;
			shellScript = "diff \"${PODS_PODFILE_DIR_PATH}/Podfile.lock\" \"${PODS_ROOT}/Manifest.lock\" > /dev/null\nif [ $? != 0 ] ; then\n    # print error to STDERR\n    echo \"error: The sandbox is not in sync with the Podfile.lock. Run 'pod install' or update your CocoaPods installation.\" >&2\n    exit 1\nfi\n# This output is used by Xcode 'outputs' to avoid re-running this script phase.\necho \"SUCCESS\" > \"${SCRIPT_OUTPUT_FILE_0}\"\n";
			showEnvVarsInLog = 0;
		};
		4B727E444F00B7A1A0DB9EA3 /* [CP] Check Pods Manifest.lock */ = {
			isa = PBXShellScriptBuildPhase;
			buildActionMask = 2147483647;
			files = (
			);
			inputFileListPaths = (
			);
			inputPaths = (
				"${PODS_PODFILE_DIR_PATH}/Podfile.lock",
				"${PODS_ROOT}/Manifest.lock",
			);
			name = "[CP] Check Pods Manifest.lock";
			outputFileListPaths = (
			);
			outputPaths = (
				"$(DERIVED_FILE_DIR)/Pods-Apollofrontpage-checkManifestLockResult.txt",
			);
			runOnlyForDeploymentPostprocessing = 0;
			shellPath = /bin/sh;
			shellScript = "diff \"${PODS_PODFILE_DIR_PATH}/Podfile.lock\" \"${PODS_ROOT}/Manifest.lock\" > /dev/null\nif [ $? != 0 ] ; then\n    # print error to STDERR\n    echo \"error: The sandbox is not in sync with the Podfile.lock. Run 'pod install' or update your CocoaPods installation.\" >&2\n    exit 1\nfi\n# This output is used by Xcode 'outputs' to avoid re-running this script phase.\necho \"SUCCESS\" > \"${SCRIPT_OUTPUT_FILE_0}\"\n";
			showEnvVarsInLog = 0;
		};
		64D3752724C6F0690028339D /* Generate Apollo GraphQL API */ = {
			isa = PBXShellScriptBuildPhase;
			buildActionMask = 2147483647;
			files = (
			);
			inputFileListPaths = (
			);
			inputPaths = (
			);
			name = "Generate Apollo GraphQL API";
			outputFileListPaths = (
			);
			outputPaths = (
			);
			runOnlyForDeploymentPostprocessing = 0;
			shellPath = /bin/sh;
			shellScript = "SCRIPT_PATH=\"${PODS_ROOT}/Apollo/scripts\"\ncd \"${SRCROOT}/${TARGET_NAME}\"\n\"${SCRIPT_PATH}\"/run-bundled-codegen.sh codegen:generate --target=swift --includes=./**/*.graphql --localSchemaFile=\"schema.json\" API.swift\n";
		};
		79E0AA4D9920BFAB13930FEE /* [CP] Embed Pods Frameworks */ = {
			isa = PBXShellScriptBuildPhase;
			buildActionMask = 2147483647;
			files = (
			);
			inputFileListPaths = (
				"${PODS_ROOT}/Target Support Files/Pods-Apollofrontpage/Pods-Apollofrontpage-frameworks-${CONFIGURATION}-input-files.xcfilelist",
			);
			name = "[CP] Embed Pods Frameworks";
			outputFileListPaths = (
				"${PODS_ROOT}/Target Support Files/Pods-Apollofrontpage/Pods-Apollofrontpage-frameworks-${CONFIGURATION}-output-files.xcfilelist",
			);
			runOnlyForDeploymentPostprocessing = 0;
			shellPath = /bin/sh;
			shellScript = "\"${PODS_ROOT}/Target Support Files/Pods-Apollofrontpage/Pods-Apollofrontpage-frameworks.sh\"\n";
			showEnvVarsInLog = 0;
		};
/* End PBXShellScriptBuildPhase section */

/* Begin PBXSourcesBuildPhase section */
		64D374FE24C6C06D0028339D /* Sources */ = {
			isa = PBXSourcesBuildPhase;
			buildActionMask = 2147483647;
			files = (
				64D3750624C6C06D0028339D /* AppDelegate.swift in Sources */,
				64D3750824C6C06D0028339D /* SceneDelegate.swift in Sources */,
				64D3752D24C6F1090028339D /* API.swift in Sources */,
				64D3750A24C6C06D0028339D /* ContentView.swift in Sources */,
			);
			runOnlyForDeploymentPostprocessing = 0;
		};
		64D3751424C6C06E0028339D /* Sources */ = {
			isa = PBXSourcesBuildPhase;
			buildActionMask = 2147483647;
			files = (
				64D3751D24C6C06F0028339D /* ApollofrontpageTests.swift in Sources */,
			);
			runOnlyForDeploymentPostprocessing = 0;
		};
/* End PBXSourcesBuildPhase section */

/* Begin PBXTargetDependency section */
		64D3751A24C6C06F0028339D /* PBXTargetDependency */ = {
			isa = PBXTargetDependency;
			target = 64D3750124C6C06D0028339D /* Apollofrontpage */;
			targetProxy = 64D3751924C6C06F0028339D /* PBXContainerItemProxy */;
		};
/* End PBXTargetDependency section */

/* Begin PBXVariantGroup section */
		64D3751024C6C06E0028339D /* LaunchScreen.storyboard */ = {
			isa = PBXVariantGroup;
			children = (
				64D3751124C6C06E0028339D /* Base */,
			);
			name = LaunchScreen.storyboard;
			sourceTree = "<group>";
		};
/* End PBXVariantGroup section */

/* Begin XCBuildConfiguration section */
		64D3751F24C6C06F0028339D /* Debug */ = {
			isa = XCBuildConfiguration;
			buildSettings = {
				ALWAYS_SEARCH_USER_PATHS = NO;
				CLANG_ANALYZER_NONNULL = YES;
				CLANG_ANALYZER_NUMBER_OBJECT_CONVERSION = YES_AGGRESSIVE;
				CLANG_CXX_LANGUAGE_STANDARD = "gnu++14";
				CLANG_CXX_LIBRARY = "libc++";
				CLANG_ENABLE_MODULES = YES;
				CLANG_ENABLE_OBJC_ARC = YES;
				CLANG_ENABLE_OBJC_WEAK = YES;
				CLANG_WARN_BLOCK_CAPTURE_AUTORELEASING = YES;
				CLANG_WARN_BOOL_CONVERSION = YES;
				CLANG_WARN_COMMA = YES;
				CLANG_WARN_CONSTANT_CONVERSION = YES;
				CLANG_WARN_DEPRECATED_OBJC_IMPLEMENTATIONS = YES;
				CLANG_WARN_DIRECT_OBJC_ISA_USAGE = YES_ERROR;
				CLANG_WARN_DOCUMENTATION_COMMENTS = YES;
				CLANG_WARN_EMPTY_BODY = YES;
				CLANG_WARN_ENUM_CONVERSION = YES;
				CLANG_WARN_INFINITE_RECURSION = YES;
				CLANG_WARN_INT_CONVERSION = YES;
				CLANG_WARN_NON_LITERAL_NULL_CONVERSION = YES;
				CLANG_WARN_OBJC_IMPLICIT_RETAIN_SELF = YES;
				CLANG_WARN_OBJC_LITERAL_CONVERSION = YES;
				CLANG_WARN_OBJC_ROOT_CLASS = YES_ERROR;
				CLANG_WARN_RANGE_LOOP_ANALYSIS = YES;
				CLANG_WARN_STRICT_PROTOTYPES = YES;
				CLANG_WARN_SUSPICIOUS_MOVE = YES;
				CLANG_WARN_UNGUARDED_AVAILABILITY = YES_AGGRESSIVE;
				CLANG_WARN_UNREACHABLE_CODE = YES;
				CLANG_WARN__DUPLICATE_METHOD_MATCH = YES;
				COPY_PHASE_STRIP = NO;
				DEBUG_INFORMATION_FORMAT = dwarf;
				ENABLE_STRICT_OBJC_MSGSEND = YES;
				ENABLE_TESTABILITY = YES;
				GCC_C_LANGUAGE_STANDARD = gnu11;
				GCC_DYNAMIC_NO_PIC = NO;
				GCC_NO_COMMON_BLOCKS = YES;
				GCC_OPTIMIZATION_LEVEL = 0;
				GCC_PREPROCESSOR_DEFINITIONS = (
					"DEBUG=1",
					"$(inherited)",
				);
				GCC_WARN_64_TO_32_BIT_CONVERSION = YES;
				GCC_WARN_ABOUT_RETURN_TYPE = YES_ERROR;
				GCC_WARN_UNDECLARED_SELECTOR = YES;
				GCC_WARN_UNINITIALIZED_AUTOS = YES_AGGRESSIVE;
				GCC_WARN_UNUSED_FUNCTION = YES;
				GCC_WARN_UNUSED_VARIABLE = YES;
				IPHONEOS_DEPLOYMENT_TARGET = 13.5;
				MTL_ENABLE_DEBUG_INFO = INCLUDE_SOURCE;
				MTL_FAST_MATH = YES;
				ONLY_ACTIVE_ARCH = YES;
				SDKROOT = iphoneos;
				SWIFT_ACTIVE_COMPILATION_CONDITIONS = DEBUG;
				SWIFT_OPTIMIZATION_LEVEL = "-Onone";
			};
			name = Debug;
		};
		64D3752024C6C06F0028339D /* Release */ = {
			isa = XCBuildConfiguration;
			buildSettings = {
				ALWAYS_SEARCH_USER_PATHS = NO;
				CLANG_ANALYZER_NONNULL = YES;
				CLANG_ANALYZER_NUMBER_OBJECT_CONVERSION = YES_AGGRESSIVE;
				CLANG_CXX_LANGUAGE_STANDARD = "gnu++14";
				CLANG_CXX_LIBRARY = "libc++";
				CLANG_ENABLE_MODULES = YES;
				CLANG_ENABLE_OBJC_ARC = YES;
				CLANG_ENABLE_OBJC_WEAK = YES;
				CLANG_WARN_BLOCK_CAPTURE_AUTORELEASING = YES;
				CLANG_WARN_BOOL_CONVERSION = YES;
				CLANG_WARN_COMMA = YES;
				CLANG_WARN_CONSTANT_CONVERSION = YES;
				CLANG_WARN_DEPRECATED_OBJC_IMPLEMENTATIONS = YES;
				CLANG_WARN_DIRECT_OBJC_ISA_USAGE = YES_ERROR;
				CLANG_WARN_DOCUMENTATION_COMMENTS = YES;
				CLANG_WARN_EMPTY_BODY = YES;
				CLANG_WARN_ENUM_CONVERSION = YES;
				CLANG_WARN_INFINITE_RECURSION = YES;
				CLANG_WARN_INT_CONVERSION = YES;
				CLANG_WARN_NON_LITERAL_NULL_CONVERSION = YES;
				CLANG_WARN_OBJC_IMPLICIT_RETAIN_SELF = YES;
				CLANG_WARN_OBJC_LITERAL_CONVERSION = YES;
				CLANG_WARN_OBJC_ROOT_CLASS = YES_ERROR;
				CLANG_WARN_RANGE_LOOP_ANALYSIS = YES;
				CLANG_WARN_STRICT_PROTOTYPES = YES;
				CLANG_WARN_SUSPICIOUS_MOVE = YES;
				CLANG_WARN_UNGUARDED_AVAILABILITY = YES_AGGRESSIVE;
				CLANG_WARN_UNREACHABLE_CODE = YES;
				CLANG_WARN__DUPLICATE_METHOD_MATCH = YES;
				COPY_PHASE_STRIP = NO;
				DEBUG_INFORMATION_FORMAT = "dwarf-with-dsym";
				ENABLE_NS_ASSERTIONS = NO;
				ENABLE_STRICT_OBJC_MSGSEND = YES;
				GCC_C_LANGUAGE_STANDARD = gnu11;
				GCC_NO_COMMON_BLOCKS = YES;
				GCC_WARN_64_TO_32_BIT_CONVERSION = YES;
				GCC_WARN_ABOUT_RETURN_TYPE = YES_ERROR;
				GCC_WARN_UNDECLARED_SELECTOR = YES;
				GCC_WARN_UNINITIALIZED_AUTOS = YES_AGGRESSIVE;
				GCC_WARN_UNUSED_FUNCTION = YES;
				GCC_WARN_UNUSED_VARIABLE = YES;
				IPHONEOS_DEPLOYMENT_TARGET = 13.5;
				MTL_ENABLE_DEBUG_INFO = NO;
				MTL_FAST_MATH = YES;
				SDKROOT = iphoneos;
				SWIFT_COMPILATION_MODE = wholemodule;
				SWIFT_OPTIMIZATION_LEVEL = "-O";
				VALIDATE_PRODUCT = YES;
			};
			name = Release;
		};
		64D3752224C6C06F0028339D /* Debug */ = {
			isa = XCBuildConfiguration;
			baseConfigurationReference = 585AE13522FD14A32DFF69EF /* Pods-Apollofrontpage.debug.xcconfig */;
			buildSettings = {
				ASSETCATALOG_COMPILER_APPICON_NAME = AppIcon;
				CODE_SIGN_STYLE = Automatic;
				DEVELOPMENT_ASSET_PATHS = "\"Apollofrontpage/Preview Content\"";
				DEVELOPMENT_TEAM = G8VSKA88VA;
				ENABLE_PREVIEWS = YES;
				INFOPLIST_FILE = Apollofrontpage/Info.plist;
				LD_RUNPATH_SEARCH_PATHS = (
					"$(inherited)",
					"@executable_path/Frameworks",
				);
				PRODUCT_BUNDLE_IDENTIFIER = com.quipper.ios.Apollofrontpage;
				PRODUCT_NAME = "$(TARGET_NAME)";
				SWIFT_VERSION = 5.0;
				TARGETED_DEVICE_FAMILY = "1,2";
			};
			name = Debug;
		};
		64D3752324C6C06F0028339D /* Release */ = {
			isa = XCBuildConfiguration;
			baseConfigurationReference = F79927D7B592FA764A8A073D /* Pods-Apollofrontpage.release.xcconfig */;
			buildSettings = {
				ASSETCATALOG_COMPILER_APPICON_NAME = AppIcon;
				CODE_SIGN_STYLE = Automatic;
				DEVELOPMENT_ASSET_PATHS = "\"Apollofrontpage/Preview Content\"";
				DEVELOPMENT_TEAM = G8VSKA88VA;
				ENABLE_PREVIEWS = YES;
				INFOPLIST_FILE = Apollofrontpage/Info.plist;
				LD_RUNPATH_SEARCH_PATHS = (
					"$(inherited)",
					"@executable_path/Frameworks",
				);
				PRODUCT_BUNDLE_IDENTIFIER = com.quipper.ios.Apollofrontpage;
				PRODUCT_NAME = "$(TARGET_NAME)";
				SWIFT_VERSION = 5.0;
				TARGETED_DEVICE_FAMILY = "1,2";
			};
			name = Release;
		};
		64D3752524C6C06F0028339D /* Debug */ = {
			isa = XCBuildConfiguration;
			baseConfigurationReference = 3A5B11FBD5851282732215A4 /* Pods-ApollofrontpageTests.debug.xcconfig */;
			buildSettings = {
				ALWAYS_EMBED_SWIFT_STANDARD_LIBRARIES = YES;
				BUNDLE_LOADER = "$(TEST_HOST)";
				CODE_SIGN_STYLE = Automatic;
				DEVELOPMENT_TEAM = G8VSKA88VA;
				INFOPLIST_FILE = ApollofrontpageTests/Info.plist;
				IPHONEOS_DEPLOYMENT_TARGET = 13.5;
				LD_RUNPATH_SEARCH_PATHS = (
					"$(inherited)",
					"@executable_path/Frameworks",
					"@loader_path/Frameworks",
				);
				PRODUCT_BUNDLE_IDENTIFIER = com.quipper.ios.ApollofrontpageTests;
				PRODUCT_NAME = "$(TARGET_NAME)";
				SWIFT_VERSION = 5.0;
				TARGETED_DEVICE_FAMILY = "1,2";
				TEST_HOST = "$(BUILT_PRODUCTS_DIR)/Apollofrontpage.app/Apollofrontpage";
			};
			name = Debug;
		};
		64D3752624C6C06F0028339D /* Release */ = {
			isa = XCBuildConfiguration;
			baseConfigurationReference = 85A992047B86387D356C38EE /* Pods-ApollofrontpageTests.release.xcconfig */;
			buildSettings = {
				ALWAYS_EMBED_SWIFT_STANDARD_LIBRARIES = YES;
				BUNDLE_LOADER = "$(TEST_HOST)";
				CODE_SIGN_STYLE = Automatic;
				DEVELOPMENT_TEAM = G8VSKA88VA;
				INFOPLIST_FILE = ApollofrontpageTests/Info.plist;
				IPHONEOS_DEPLOYMENT_TARGET = 13.5;
				LD_RUNPATH_SEARCH_PATHS = (
					"$(inherited)",
					"@executable_path/Frameworks",
					"@loader_path/Frameworks",
				);
				PRODUCT_BUNDLE_IDENTIFIER = com.quipper.ios.ApollofrontpageTests;
				PRODUCT_NAME = "$(TARGET_NAME)";
				SWIFT_VERSION = 5.0;
				TARGETED_DEVICE_FAMILY = "1,2";
				TEST_HOST = "$(BUILT_PRODUCTS_DIR)/Apollofrontpage.app/Apollofrontpage";
			};
			name = Release;
		};
/* End XCBuildConfiguration section */

/* Begin XCConfigurationList section */
		64D374FD24C6C06D0028339D /* Build configuration list for PBXProject "Apollofrontpage" */ = {
			isa = XCConfigurationList;
			buildConfigurations = (
				64D3751F24C6C06F0028339D /* Debug */,
				64D3752024C6C06F0028339D /* Release */,
			);
			defaultConfigurationIsVisible = 0;
			defaultConfigurationName = Release;
		};
		64D3752124C6C06F0028339D /* Build configuration list for PBXNativeTarget "Apollofrontpage" */ = {
			isa = XCConfigurationList;
			buildConfigurations = (
				64D3752224C6C06F0028339D /* Debug */,
				64D3752324C6C06F0028339D /* Release */,
			);
			defaultConfigurationIsVisible = 0;
			defaultConfigurationName = Release;
		};
		64D3752424C6C06F0028339D /* Build configuration list for PBXNativeTarget "ApollofrontpageTests" */ = {
			isa = XCConfigurationList;
			buildConfigurations = (
				64D3752524C6C06F0028339D /* Debug */,
				64D3752624C6C06F0028339D /* Release */,
			);
			defaultConfigurationIsVisible = 0;
			defaultConfigurationName = Release;
		};
/* End XCConfigurationList section */
	};
	rootObject = 64D374FA24C6C06D0028339D /* Project object */;
}
